// !$*UTF8*$!
{
	archiveVersion = 1;
	classes = {
	};
	objectVersion = 50;
	objects = {

/* Begin PBXBuildFile section */
		0360BB7A224D84CD0046E60E /* AppDelegate.swift in Sources */ = {isa = PBXBuildFile; fileRef = 0360BB79224D84CD0046E60E /* AppDelegate.swift */; };
		0360BB7C224D84CD0046E60E /* TableViewController.swift in Sources */ = {isa = PBXBuildFile; fileRef = 0360BB7B224D84CD0046E60E /* TableViewController.swift */; };
		0360BB7F224D84CD0046E60E /* Main.storyboard in Resources */ = {isa = PBXBuildFile; fileRef = 0360BB7D224D84CD0046E60E /* Main.storyboard */; };
		0360BB81224D84D20046E60E /* Assets.xcassets in Resources */ = {isa = PBXBuildFile; fileRef = 0360BB80224D84D20046E60E /* Assets.xcassets */; };
		0360BB84224D84D20046E60E /* LaunchScreen.storyboard in Resources */ = {isa = PBXBuildFile; fileRef = 0360BB82224D84D20046E60E /* LaunchScreen.storyboard */; };
		0360BB8F224D84D20046E60E /* IMeasureUappTests.swift in Sources */ = {isa = PBXBuildFile; fileRef = 0360BB8E224D84D20046E60E /* IMeasureUappTests.swift */; };
		0360BB9A224D84D20046E60E /* IMeasureUappUITests.swift in Sources */ = {isa = PBXBuildFile; fileRef = 0360BB99224D84D20046E60E /* IMeasureUappUITests.swift */; };
		0360BBAA224D89CE0046E60E /* players_sample.csv in Resources */ = {isa = PBXBuildFile; fileRef = 0360BBA9224D89CE0046E60E /* players_sample.csv */; };
		0360BBAC224D8F1A0046E60E /* Player.swift in Sources */ = {isa = PBXBuildFile; fileRef = 0360BBAB224D8F1A0046E60E /* Player.swift */; };
		0360BBAE224DD7500046E60E /* DateUtil.swift in Sources */ = {isa = PBXBuildFile; fileRef = 0360BBAD224DD7500046E60E /* DateUtil.swift */; };
		0360BBB0224DD9560046E60E /* Parser.swift in Sources */ = {isa = PBXBuildFile; fileRef = 0360BBAF224DD9560046E60E /* Parser.swift */; };
		0360BBB2224DDA660046E60E /* CSVUtil.swift in Sources */ = {isa = PBXBuildFile; fileRef = 0360BBB1224DDA660046E60E /* CSVUtil.swift */; };
		0360BBB7224DEA170046E60E /* Sorting.swift in Sources */ = {isa = PBXBuildFile; fileRef = 0360BBB6224DEA170046E60E /* Sorting.swift */; };
		0360BBB9224E47FD0046E60E /* PlayerTableViewCell.swift in Sources */ = {isa = PBXBuildFile; fileRef = 0360BBB8224E47FD0046E60E /* PlayerTableViewCell.swift */; };
		51F3F8A7A3A34CA446F37159 /* Pods_IMeasureUappUITests.framework in Frameworks */ = {isa = PBXBuildFile; fileRef = C32F565CC29CC131FE4F2671 /* Pods_IMeasureUappUITests.framework */; };
		8193F56FF47392771584A190 /* Pods_IMeasureUappTests.framework in Frameworks */ = {isa = PBXBuildFile; fileRef = D3879FBBE1EFD983337CC3DD /* Pods_IMeasureUappTests.framework */; };
		B300E84BB1E43266E2ADCBB1 /* Pods_IMeasureUapp.framework in Frameworks */ = {isa = PBXBuildFile; fileRef = 55F47B43724CD2C1E77EC97B /* Pods_IMeasureUapp.framework */; };
/* End PBXBuildFile section */

/* Begin PBXContainerItemProxy section */
		0360BB8B224D84D20046E60E /* PBXContainerItemProxy */ = {
			isa = PBXContainerItemProxy;
			containerPortal = 0360BB6E224D84CD0046E60E /* Project object */;
			proxyType = 1;
			remoteGlobalIDString = 0360BB75224D84CD0046E60E;
			remoteInfo = IMeasureUapp;
		};
		0360BB96224D84D20046E60E /* PBXContainerItemProxy */ = {
			isa = PBXContainerItemProxy;
			containerPortal = 0360BB6E224D84CD0046E60E /* Project object */;
			proxyType = 1;
			remoteGlobalIDString = 0360BB75224D84CD0046E60E;
			remoteInfo = IMeasureUapp;
		};
/* End PBXContainerItemProxy section */

/* Begin PBXFileReference section */
		0360BB76224D84CD0046E60E /* IMeasureUapp.app */ = {isa = PBXFileReference; explicitFileType = wrapper.application; includeInIndex = 0; path = IMeasureUapp.app; sourceTree = BUILT_PRODUCTS_DIR; };
		0360BB79224D84CD0046E60E /* AppDelegate.swift */ = {isa = PBXFileReference; lastKnownFileType = sourcecode.swift; path = AppDelegate.swift; sourceTree = "<group>"; };
		0360BB7B224D84CD0046E60E /* TableViewController.swift */ = {isa = PBXFileReference; lastKnownFileType = sourcecode.swift; path = TableViewController.swift; sourceTree = "<group>"; };
		0360BB7E224D84CD0046E60E /* Base */ = {isa = PBXFileReference; lastKnownFileType = file.storyboard; name = Base; path = Base.lproj/Main.storyboard; sourceTree = "<group>"; };
		0360BB80224D84D20046E60E /* Assets.xcassets */ = {isa = PBXFileReference; lastKnownFileType = folder.assetcatalog; path = Assets.xcassets; sourceTree = "<group>"; };
		0360BB83224D84D20046E60E /* Base */ = {isa = PBXFileReference; lastKnownFileType = file.storyboard; name = Base; path = Base.lproj/LaunchScreen.storyboard; sourceTree = "<group>"; };
		0360BB85224D84D20046E60E /* Info.plist */ = {isa = PBXFileReference; lastKnownFileType = text.plist.xml; path = Info.plist; sourceTree = "<group>"; };
		0360BB8A224D84D20046E60E /* IMeasureUappTests.xctest */ = {isa = PBXFileReference; explicitFileType = wrapper.cfbundle; includeInIndex = 0; path = IMeasureUappTests.xctest; sourceTree = BUILT_PRODUCTS_DIR; };
		0360BB8E224D84D20046E60E /* IMeasureUappTests.swift */ = {isa = PBXFileReference; lastKnownFileType = sourcecode.swift; path = IMeasureUappTests.swift; sourceTree = "<group>"; };
		0360BB90224D84D20046E60E /* Info.plist */ = {isa = PBXFileReference; lastKnownFileType = text.plist.xml; path = Info.plist; sourceTree = "<group>"; };
		0360BB95224D84D20046E60E /* IMeasureUappUITests.xctest */ = {isa = PBXFileReference; explicitFileType = wrapper.cfbundle; includeInIndex = 0; path = IMeasureUappUITests.xctest; sourceTree = BUILT_PRODUCTS_DIR; };
		0360BB99224D84D20046E60E /* IMeasureUappUITests.swift */ = {isa = PBXFileReference; lastKnownFileType = sourcecode.swift; path = IMeasureUappUITests.swift; sourceTree = "<group>"; };
		0360BB9B224D84D20046E60E /* Info.plist */ = {isa = PBXFileReference; lastKnownFileType = text.plist.xml; path = Info.plist; sourceTree = "<group>"; };
		0360BBA9224D89CE0046E60E /* players_sample.csv */ = {isa = PBXFileReference; fileEncoding = 4; lastKnownFileType = text; path = players_sample.csv; sourceTree = "<group>"; };
		0360BBAB224D8F1A0046E60E /* Player.swift */ = {isa = PBXFileReference; lastKnownFileType = sourcecode.swift; path = Player.swift; sourceTree = "<group>"; };
		0360BBAD224DD7500046E60E /* DateUtil.swift */ = {isa = PBXFileReference; lastKnownFileType = sourcecode.swift; path = DateUtil.swift; sourceTree = "<group>"; };
		0360BBAF224DD9560046E60E /* Parser.swift */ = {isa = PBXFileReference; lastKnownFileType = sourcecode.swift; path = Parser.swift; sourceTree = "<group>"; };
		0360BBB1224DDA660046E60E /* CSVUtil.swift */ = {isa = PBXFileReference; lastKnownFileType = sourcecode.swift; path = CSVUtil.swift; sourceTree = "<group>"; };
		0360BBB6224DEA170046E60E /* Sorting.swift */ = {isa = PBXFileReference; lastKnownFileType = sourcecode.swift; path = Sorting.swift; sourceTree = "<group>"; };
		0360BBB8224E47FD0046E60E /* PlayerTableViewCell.swift */ = {isa = PBXFileReference; lastKnownFileType = sourcecode.swift; path = PlayerTableViewCell.swift; sourceTree = "<group>"; };
		2C8F92CDE5D3B63BB0E2DDF2 /* Pods-IMeasureUapp.release.xcconfig */ = {isa = PBXFileReference; includeInIndex = 1; lastKnownFileType = text.xcconfig; name = "Pods-IMeasureUapp.release.xcconfig"; path = "Target Support Files/Pods-IMeasureUapp/Pods-IMeasureUapp.release.xcconfig"; sourceTree = "<group>"; };
		329551FA4C00F4894DE0B070 /* Pods-IMeasureUapp.debug.xcconfig */ = {isa = PBXFileReference; includeInIndex = 1; lastKnownFileType = text.xcconfig; name = "Pods-IMeasureUapp.debug.xcconfig"; path = "Target Support Files/Pods-IMeasureUapp/Pods-IMeasureUapp.debug.xcconfig"; sourceTree = "<group>"; };
		55F47B43724CD2C1E77EC97B /* Pods_IMeasureUapp.framework */ = {isa = PBXFileReference; explicitFileType = wrapper.framework; includeInIndex = 0; path = Pods_IMeasureUapp.framework; sourceTree = BUILT_PRODUCTS_DIR; };
		806E48D19176226B5EBA9E92 /* Pods-IMeasureUappTests.release.xcconfig */ = {isa = PBXFileReference; includeInIndex = 1; lastKnownFileType = text.xcconfig; name = "Pods-IMeasureUappTests.release.xcconfig"; path = "Target Support Files/Pods-IMeasureUappTests/Pods-IMeasureUappTests.release.xcconfig"; sourceTree = "<group>"; };
		AB57F34F87F69059AC960BD5 /* Pods-IMeasureUappUITests.debug.xcconfig */ = {isa = PBXFileReference; includeInIndex = 1; lastKnownFileType = text.xcconfig; name = "Pods-IMeasureUappUITests.debug.xcconfig"; path = "Target Support Files/Pods-IMeasureUappUITests/Pods-IMeasureUappUITests.debug.xcconfig"; sourceTree = "<group>"; };
		C32F565CC29CC131FE4F2671 /* Pods_IMeasureUappUITests.framework */ = {isa = PBXFileReference; explicitFileType = wrapper.framework; includeInIndex = 0; path = Pods_IMeasureUappUITests.framework; sourceTree = BUILT_PRODUCTS_DIR; };
		D3879FBBE1EFD983337CC3DD /* Pods_IMeasureUappTests.framework */ = {isa = PBXFileReference; explicitFileType = wrapper.framework; includeInIndex = 0; path = Pods_IMeasureUappTests.framework; sourceTree = BUILT_PRODUCTS_DIR; };
		E4598A204DB0A2A4FE0D132C /* Pods-IMeasureUappTests.debug.xcconfig */ = {isa = PBXFileReference; includeInIndex = 1; lastKnownFileType = text.xcconfig; name = "Pods-IMeasureUappTests.debug.xcconfig"; path = "Target Support Files/Pods-IMeasureUappTests/Pods-IMeasureUappTests.debug.xcconfig"; sourceTree = "<group>"; };
		ECE8A8FC4F2B98516FE0C80F /* Pods-IMeasureUappUITests.release.xcconfig */ = {isa = PBXFileReference; includeInIndex = 1; lastKnownFileType = text.xcconfig; name = "Pods-IMeasureUappUITests.release.xcconfig"; path = "Target Support Files/Pods-IMeasureUappUITests/Pods-IMeasureUappUITests.release.xcconfig"; sourceTree = "<group>"; };
/* End PBXFileReference section */

/* Begin PBXFrameworksBuildPhase section */
		0360BB73224D84CD0046E60E /* Frameworks */ = {
			isa = PBXFrameworksBuildPhase;
			buildActionMask = 2147483647;
			files = (
				B300E84BB1E43266E2ADCBB1 /* Pods_IMeasureUapp.framework in Frameworks */,
			);
			runOnlyForDeploymentPostprocessing = 0;
		};
		0360BB87224D84D20046E60E /* Frameworks */ = {
			isa = PBXFrameworksBuildPhase;
			buildActionMask = 2147483647;
			files = (
				8193F56FF47392771584A190 /* Pods_IMeasureUappTests.framework in Frameworks */,
			);
			runOnlyForDeploymentPostprocessing = 0;
		};
		0360BB92224D84D20046E60E /* Frameworks */ = {
			isa = PBXFrameworksBuildPhase;
			buildActionMask = 2147483647;
			files = (
				51F3F8A7A3A34CA446F37159 /* Pods_IMeasureUappUITests.framework in Frameworks */,
			);
			runOnlyForDeploymentPostprocessing = 0;
		};
/* End PBXFrameworksBuildPhase section */

/* Begin PBXGroup section */
		0360BB6D224D84CD0046E60E = {
			isa = PBXGroup;
			children = (
				0360BB78224D84CD0046E60E /* IMeasureUapp */,
				0360BB8D224D84D20046E60E /* IMeasureUappTests */,
				0360BB98224D84D20046E60E /* IMeasureUappUITests */,
				0360BB77224D84CD0046E60E /* Products */,
				E6DEA35D038BEFD82CD8F865 /* Pods */,
				EFA72D86F628311AC633CE11 /* Frameworks */,
			);
			sourceTree = "<group>";
		};
		0360BB77224D84CD0046E60E /* Products */ = {
			isa = PBXGroup;
			children = (
				0360BB76224D84CD0046E60E /* IMeasureUapp.app */,
				0360BB8A224D84D20046E60E /* IMeasureUappTests.xctest */,
				0360BB95224D84D20046E60E /* IMeasureUappUITests.xctest */,
			);
			name = Products;
			sourceTree = "<group>";
		};
		0360BB78224D84CD0046E60E /* IMeasureUapp */ = {
			isa = PBXGroup;
			children = (
				0360BBB5224DDDC50046E60E /* Player */,
				0360BBB4224DDD8B0046E60E /* CSV_Files */,
				0360BBB3224DDD1F0046E60E /* Util */,
				0360BB79224D84CD0046E60E /* AppDelegate.swift */,
				0360BB7B224D84CD0046E60E /* TableViewController.swift */,
				0360BB7D224D84CD0046E60E /* Main.storyboard */,
				0360BB80224D84D20046E60E /* Assets.xcassets */,
				0360BB82224D84D20046E60E /* LaunchScreen.storyboard */,
				0360BB85224D84D20046E60E /* Info.plist */,
				0360BBB8224E47FD0046E60E /* PlayerTableViewCell.swift */,
			);
			path = IMeasureUapp;
			sourceTree = "<group>";
		};
		0360BB8D224D84D20046E60E /* IMeasureUappTests */ = {
			isa = PBXGroup;
			children = (
				0360BB8E224D84D20046E60E /* IMeasureUappTests.swift */,
				0360BB90224D84D20046E60E /* Info.plist */,
			);
			path = IMeasureUappTests;
			sourceTree = "<group>";
		};
		0360BB98224D84D20046E60E /* IMeasureUappUITests */ = {
			isa = PBXGroup;
			children = (
				0360BB99224D84D20046E60E /* IMeasureUappUITests.swift */,
				0360BB9B224D84D20046E60E /* Info.plist */,
			);
			path = IMeasureUappUITests;
			sourceTree = "<group>";
		};
		0360BBB3224DDD1F0046E60E /* Util */ = {
			isa = PBXGroup;
			children = (
				0360BBAF224DD9560046E60E /* Parser.swift */,
				0360BBB1224DDA660046E60E /* CSVUtil.swift */,
				0360BBAD224DD7500046E60E /* DateUtil.swift */,
				0360BBB6224DEA170046E60E /* Sorting.swift */,
			);
			path = Util;
			sourceTree = "<group>";
		};
		0360BBB4224DDD8B0046E60E /* CSV_Files */ = {
			isa = PBXGroup;
			children = (
				0360BBA9224D89CE0046E60E /* players_sample.csv */,
			);
			path = CSV_Files;
			sourceTree = "<group>";
		};
		0360BBB5224DDDC50046E60E /* Player */ = {
			isa = PBXGroup;
			children = (
				0360BBAB224D8F1A0046E60E /* Player.swift */,
			);
			path = Player;
			sourceTree = "<group>";
		};
		E6DEA35D038BEFD82CD8F865 /* Pods */ = {
			isa = PBXGroup;
			children = (
				329551FA4C00F4894DE0B070 /* Pods-IMeasureUapp.debug.xcconfig */,
				2C8F92CDE5D3B63BB0E2DDF2 /* Pods-IMeasureUapp.release.xcconfig */,
				E4598A204DB0A2A4FE0D132C /* Pods-IMeasureUappTests.debug.xcconfig */,
				806E48D19176226B5EBA9E92 /* Pods-IMeasureUappTests.release.xcconfig */,
				AB57F34F87F69059AC960BD5 /* Pods-IMeasureUappUITests.debug.xcconfig */,
				ECE8A8FC4F2B98516FE0C80F /* Pods-IMeasureUappUITests.release.xcconfig */,
			);
			path = Pods;
			sourceTree = "<group>";
		};
		EFA72D86F628311AC633CE11 /* Frameworks */ = {
			isa = PBXGroup;
			children = (
				55F47B43724CD2C1E77EC97B /* Pods_IMeasureUapp.framework */,
				D3879FBBE1EFD983337CC3DD /* Pods_IMeasureUappTests.framework */,
				C32F565CC29CC131FE4F2671 /* Pods_IMeasureUappUITests.framework */,
			);
			name = Frameworks;
			sourceTree = "<group>";
		};
/* End PBXGroup section */

/* Begin PBXNativeTarget section */
		0360BB75224D84CD0046E60E /* IMeasureUapp */ = {
			isa = PBXNativeTarget;
			buildConfigurationList = 0360BB9E224D84D20046E60E /* Build configuration list for PBXNativeTarget "IMeasureUapp" */;
			buildPhases = (
				035C9CFC425A81FCA62BD4AD /* [CP] Check Pods Manifest.lock */,
				0360BB72224D84CD0046E60E /* Sources */,
				0360BB73224D84CD0046E60E /* Frameworks */,
				0360BB74224D84CD0046E60E /* Resources */,
				E81CED49515A0DDBB6D459F9 /* [CP] Embed Pods Frameworks */,
			);
			buildRules = (
			);
			dependencies = (
			);
			name = IMeasureUapp;
			productName = IMeasureUapp;
			productReference = 0360BB76224D84CD0046E60E /* IMeasureUapp.app */;
			productType = "com.apple.product-type.application";
		};
		0360BB89224D84D20046E60E /* IMeasureUappTests */ = {
			isa = PBXNativeTarget;
			buildConfigurationList = 0360BBA1224D84D20046E60E /* Build configuration list for PBXNativeTarget "IMeasureUappTests" */;
			buildPhases = (
				3B0F9D46B39428E829DBAA78 /* [CP] Check Pods Manifest.lock */,
				0360BB86224D84D20046E60E /* Sources */,
				0360BB87224D84D20046E60E /* Frameworks */,
				0360BB88224D84D20046E60E /* Resources */,
			);
			buildRules = (
			);
			dependencies = (
				0360BB8C224D84D20046E60E /* PBXTargetDependency */,
			);
			name = IMeasureUappTests;
			productName = IMeasureUappTests;
			productReference = 0360BB8A224D84D20046E60E /* IMeasureUappTests.xctest */;
			productType = "com.apple.product-type.bundle.unit-test";
		};
		0360BB94224D84D20046E60E /* IMeasureUappUITests */ = {
			isa = PBXNativeTarget;
			buildConfigurationList = 0360BBA4224D84D20046E60E /* Build configuration list for PBXNativeTarget "IMeasureUappUITests" */;
			buildPhases = (
				ABBBA988224A524841E11915 /* [CP] Check Pods Manifest.lock */,
				0360BB91224D84D20046E60E /* Sources */,
				0360BB92224D84D20046E60E /* Frameworks */,
				0360BB93224D84D20046E60E /* Resources */,
			);
			buildRules = (
			);
			dependencies = (
				0360BB97224D84D20046E60E /* PBXTargetDependency */,
			);
			name = IMeasureUappUITests;
			productName = IMeasureUappUITests;
			productReference = 0360BB95224D84D20046E60E /* IMeasureUappUITests.xctest */;
			productType = "com.apple.product-type.bundle.ui-testing";
		};
/* End PBXNativeTarget section */

/* Begin PBXProject section */
		0360BB6E224D84CD0046E60E /* Project object */ = {
			isa = PBXProject;
			attributes = {
				LastSwiftUpdateCheck = 1010;
				LastUpgradeCheck = 1010;
				ORGANIZATIONNAME = "Gabriel Kennedy";
				TargetAttributes = {
					0360BB75224D84CD0046E60E = {
						CreatedOnToolsVersion = 10.1;
					};
					0360BB89224D84D20046E60E = {
						CreatedOnToolsVersion = 10.1;
						TestTargetID = 0360BB75224D84CD0046E60E;
					};
					0360BB94224D84D20046E60E = {
						CreatedOnToolsVersion = 10.1;
						TestTargetID = 0360BB75224D84CD0046E60E;
					};
				};
			};
			buildConfigurationList = 0360BB71224D84CD0046E60E /* Build configuration list for PBXProject "IMeasureUapp" */;
			compatibilityVersion = "Xcode 9.3";
			developmentRegion = en;
			hasScannedForEncodings = 0;
			knownRegions = (
				en,
				Base,
			);
			mainGroup = 0360BB6D224D84CD0046E60E;
			productRefGroup = 0360BB77224D84CD0046E60E /* Products */;
			projectDirPath = "";
			projectRoot = "";
			targets = (
				0360BB75224D84CD0046E60E /* IMeasureUapp */,
				0360BB89224D84D20046E60E /* IMeasureUappTests */,
				0360BB94224D84D20046E60E /* IMeasureUappUITests */,
			);
		};
/* End PBXProject section */

/* Begin PBXResourcesBuildPhase section */
		0360BB74224D84CD0046E60E /* Resources */ = {
			isa = PBXResourcesBuildPhase;
			buildActionMask = 2147483647;
			files = (
				0360BB84224D84D20046E60E /* LaunchScreen.storyboard in Resources */,
				0360BBAA224D89CE0046E60E /* players_sample.csv in Resources */,
				0360BB81224D84D20046E60E /* Assets.xcassets in Resources */,
				0360BB7F224D84CD0046E60E /* Main.storyboard in Resources */,
			);
			runOnlyForDeploymentPostprocessing = 0;
		};
		0360BB88224D84D20046E60E /* Resources */ = {
			isa = PBXResourcesBuildPhase;
			buildActionMask = 2147483647;
			files = (
			);
			runOnlyForDeploymentPostprocessing = 0;
		};
		0360BB93224D84D20046E60E /* Resources */ = {
			isa = PBXResourcesBuildPhase;
			buildActionMask = 2147483647;
			files = (
			);
			runOnlyForDeploymentPostprocessing = 0;
		};
/* End PBXResourcesBuildPhase section */

/* Begin PBXShellScriptBuildPhase section */
		035C9CFC425A81FCA62BD4AD /* [CP] Check Pods Manifest.lock */ = {
			isa = PBXShellScriptBuildPhase;
			buildActionMask = 2147483647;
			files = (
			);
			inputFileListPaths = (
			);
			inputPaths = (
				"${PODS_PODFILE_DIR_PATH}/Podfile.lock",
				"${PODS_ROOT}/Manifest.lock",
			);
			name = "[CP] Check Pods Manifest.lock";
			outputFileListPaths = (
			);
			outputPaths = (
				"$(DERIVED_FILE_DIR)/Pods-IMeasureUapp-checkManifestLockResult.txt",
			);
			runOnlyForDeploymentPostprocessing = 0;
			shellPath = /bin/sh;
			shellScript = "diff \"${PODS_PODFILE_DIR_PATH}/Podfile.lock\" \"${PODS_ROOT}/Manifest.lock\" > /dev/null\nif [ $? != 0 ] ; then\n    # print error to STDERR\n    echo \"error: The sandbox is not in sync with the Podfile.lock. Run 'pod install' or update your CocoaPods installation.\" >&2\n    exit 1\nfi\n# This output is used by Xcode 'outputs' to avoid re-running this script phase.\necho \"SUCCESS\" > \"${SCRIPT_OUTPUT_FILE_0}\"\n";
			showEnvVarsInLog = 0;
		};
		3B0F9D46B39428E829DBAA78 /* [CP] Check Pods Manifest.lock */ = {
			isa = PBXShellScriptBuildPhase;
			buildActionMask = 2147483647;
			files = (
			);
			inputFileListPaths = (
			);
			inputPaths = (
				"${PODS_PODFILE_DIR_PATH}/Podfile.lock",
				"${PODS_ROOT}/Manifest.lock",
			);
			name = "[CP] Check Pods Manifest.lock";
			outputFileListPaths = (
			);
			outputPaths = (
				"$(DERIVED_FILE_DIR)/Pods-IMeasureUappTests-checkManifestLockResult.txt",
			);
			runOnlyForDeploymentPostprocessing = 0;
			shellPath = /bin/sh;
			shellScript = "diff \"${PODS_PODFILE_DIR_PATH}/Podfile.lock\" \"${PODS_ROOT}/Manifest.lock\" > /dev/null\nif [ $? != 0 ] ; then\n    # print error to STDERR\n    echo \"error: The sandbox is not in sync with the Podfile.lock. Run 'pod install' or update your CocoaPods installation.\" >&2\n    exit 1\nfi\n# This output is used by Xcode 'outputs' to avoid re-running this script phase.\necho \"SUCCESS\" > \"${SCRIPT_OUTPUT_FILE_0}\"\n";
			showEnvVarsInLog = 0;
		};
		ABBBA988224A524841E11915 /* [CP] Check Pods Manifest.lock */ = {
			isa = PBXShellScriptBuildPhase;
			buildActionMask = 2147483647;
			files = (
			);
			inputFileListPaths = (
			);
			inputPaths = (
				"${PODS_PODFILE_DIR_PATH}/Podfile.lock",
				"${PODS_ROOT}/Manifest.lock",
			);
			name = "[CP] Check Pods Manifest.lock";
			outputFileListPaths = (
			);
			outputPaths = (
				"$(DERIVED_FILE_DIR)/Pods-IMeasureUappUITests-checkManifestLockResult.txt",
			);
			runOnlyForDeploymentPostprocessing = 0;
			shellPath = /bin/sh;
			shellScript = "diff \"${PODS_PODFILE_DIR_PATH}/Podfile.lock\" \"${PODS_ROOT}/Manifest.lock\" > /dev/null\nif [ $? != 0 ] ; then\n    # print error to STDERR\n    echo \"error: The sandbox is not in sync with the Podfile.lock. Run 'pod install' or update your CocoaPods installation.\" >&2\n    exit 1\nfi\n# This output is used by Xcode 'outputs' to avoid re-running this script phase.\necho \"SUCCESS\" > \"${SCRIPT_OUTPUT_FILE_0}\"\n";
			showEnvVarsInLog = 0;
		};
		E81CED49515A0DDBB6D459F9 /* [CP] Embed Pods Frameworks */ = {
			isa = PBXShellScriptBuildPhase;
			buildActionMask = 2147483647;
			files = (
			);
			inputFileListPaths = (
			);
			inputPaths = (
				"${PODS_ROOT}/Target Support Files/Pods-IMeasureUapp/Pods-IMeasureUapp-frameworks.sh",
				"${BUILT_PRODUCTS_DIR}/CSV.swift/CSV.framework",
			);
			name = "[CP] Embed Pods Frameworks";
			outputFileListPaths = (
			);
			outputPaths = (
				"${TARGET_BUILD_DIR}/${FRAMEWORKS_FOLDER_PATH}/CSV.framework",
			);
			runOnlyForDeploymentPostprocessing = 0;
			shellPath = /bin/sh;
			shellScript = "\"${PODS_ROOT}/Target Support Files/Pods-IMeasureUapp/Pods-IMeasureUapp-frameworks.sh\"\n";
			showEnvVarsInLog = 0;
		};
/* End PBXShellScriptBuildPhase section */

/* Begin PBXSourcesBuildPhase section */
		0360BB72224D84CD0046E60E /* Sources */ = {
			isa = PBXSourcesBuildPhase;
			buildActionMask = 2147483647;
			files = (
				0360BB7C224D84CD0046E60E /* TableViewController.swift in Sources */,
				0360BBAE224DD7500046E60E /* DateUtil.swift in Sources */,
				0360BBB0224DD9560046E60E /* Parser.swift in Sources */,
				0360BBAC224D8F1A0046E60E /* Player.swift in Sources */,
				0360BBB9224E47FD0046E60E /* PlayerTableViewCell.swift in Sources */,
				0360BBB7224DEA170046E60E /* Sorting.swift in Sources */,
				0360BB7A224D84CD0046E60E /* AppDelegate.swift in Sources */,
				0360BBB2224DDA660046E60E /* CSVUtil.swift in Sources */,
			);
			runOnlyForDeploymentPostprocessing = 0;
		};
		0360BB86224D84D20046E60E /* Sources */ = {
			isa = PBXSourcesBuildPhase;
			buildActionMask = 2147483647;
			files = (
				0360BB8F224D84D20046E60E /* IMeasureUappTests.swift in Sources */,
			);
			runOnlyForDeploymentPostprocessing = 0;
		};
		0360BB91224D84D20046E60E /* Sources */ = {
			isa = PBXSourcesBuildPhase;
			buildActionMask = 2147483647;
			files = (
				0360BB9A224D84D20046E60E /* IMeasureUappUITests.swift in Sources */,
			);
			runOnlyForDeploymentPostprocessing = 0;
		};
/* End PBXSourcesBuildPhase section */

/* Begin PBXTargetDependency section */
		0360BB8C224D84D20046E60E /* PBXTargetDependency */ = {
			isa = PBXTargetDependency;
			target = 0360BB75224D84CD0046E60E /* IMeasureUapp */;
			targetProxy = 0360BB8B224D84D20046E60E /* PBXContainerItemProxy */;
		};
		0360BB97224D84D20046E60E /* PBXTargetDependency */ = {
			isa = PBXTargetDependency;
			target = 0360BB75224D84CD0046E60E /* IMeasureUapp */;
			targetProxy = 0360BB96224D84D20046E60E /* PBXContainerItemProxy */;
		};
/* End PBXTargetDependency section */

/* Begin PBXVariantGroup section */
		0360BB7D224D84CD0046E60E /* Main.storyboard */ = {
			isa = PBXVariantGroup;
			children = (
				0360BB7E224D84CD0046E60E /* Base */,
			);
			name = Main.storyboard;
			sourceTree = "<group>";
		};
		0360BB82224D84D20046E60E /* LaunchScreen.storyboard */ = {
			isa = PBXVariantGroup;
			children = (
				0360BB83224D84D20046E60E /* Base */,
			);
			name = LaunchScreen.storyboard;
			sourceTree = "<group>";
		};
/* End PBXVariantGroup section */

/* Begin XCBuildConfiguration section */
		0360BB9C224D84D20046E60E /* Debug */ = {
			isa = XCBuildConfiguration;
			buildSettings = {
				ALWAYS_SEARCH_USER_PATHS = NO;
				CLANG_ANALYZER_NONNULL = YES;
				CLANG_ANALYZER_NUMBER_OBJECT_CONVERSION = YES_AGGRESSIVE;
				CLANG_CXX_LANGUAGE_STANDARD = "gnu++14";
				CLANG_CXX_LIBRARY = "libc++";
				CLANG_ENABLE_MODULES = YES;
				CLANG_ENABLE_OBJC_ARC = YES;
				CLANG_ENABLE_OBJC_WEAK = YES;
				CLANG_WARN_BLOCK_CAPTURE_AUTORELEASING = YES;
				CLANG_WARN_BOOL_CONVERSION = YES;
				CLANG_WARN_COMMA = YES;
				CLANG_WARN_CONSTANT_CONVERSION = YES;
				CLANG_WARN_DEPRECATED_OBJC_IMPLEMENTATIONS = YES;
				CLANG_WARN_DIRECT_OBJC_ISA_USAGE = YES_ERROR;
				CLANG_WARN_DOCUMENTATION_COMMENTS = YES;
				CLANG_WARN_EMPTY_BODY = YES;
				CLANG_WARN_ENUM_CONVERSION = YES;
				CLANG_WARN_INFINITE_RECURSION = YES;
				CLANG_WARN_INT_CONVERSION = YES;
				CLANG_WARN_NON_LITERAL_NULL_CONVERSION = YES;
				CLANG_WARN_OBJC_IMPLICIT_RETAIN_SELF = YES;
				CLANG_WARN_OBJC_LITERAL_CONVERSION = YES;
				CLANG_WARN_OBJC_ROOT_CLASS = YES_ERROR;
				CLANG_WARN_RANGE_LOOP_ANALYSIS = YES;
				CLANG_WARN_STRICT_PROTOTYPES = YES;
				CLANG_WARN_SUSPICIOUS_MOVE = YES;
				CLANG_WARN_UNGUARDED_AVAILABILITY = YES_AGGRESSIVE;
				CLANG_WARN_UNREACHABLE_CODE = YES;
				CLANG_WARN__DUPLICATE_METHOD_MATCH = YES;
				CODE_SIGN_IDENTITY = "iPhone Developer";
				COPY_PHASE_STRIP = NO;
				DEBUG_INFORMATION_FORMAT = dwarf;
				ENABLE_STRICT_OBJC_MSGSEND = YES;
				ENABLE_TESTABILITY = YES;
				GCC_C_LANGUAGE_STANDARD = gnu11;
				GCC_DYNAMIC_NO_PIC = NO;
				GCC_NO_COMMON_BLOCKS = YES;
				GCC_OPTIMIZATION_LEVEL = 0;
				GCC_PREPROCESSOR_DEFINITIONS = (
					"DEBUG=1",
					"$(inherited)",
				);
				GCC_WARN_64_TO_32_BIT_CONVERSION = YES;
				GCC_WARN_ABOUT_RETURN_TYPE = YES_ERROR;
				GCC_WARN_UNDECLARED_SELECTOR = YES;
				GCC_WARN_UNINITIALIZED_AUTOS = YES_AGGRESSIVE;
				GCC_WARN_UNUSED_FUNCTION = YES;
				GCC_WARN_UNUSED_VARIABLE = YES;
				IPHONEOS_DEPLOYMENT_TARGET = 12.1;
				MTL_ENABLE_DEBUG_INFO = INCLUDE_SOURCE;
				MTL_FAST_MATH = YES;
				ONLY_ACTIVE_ARCH = YES;
				SDKROOT = iphoneos;
				SWIFT_ACTIVE_COMPILATION_CONDITIONS = DEBUG;
				SWIFT_OPTIMIZATION_LEVEL = "-Onone";
			};
			name = Debug;
		};
		0360BB9D224D84D20046E60E /* Release */ = {
			isa = XCBuildConfiguration;
			buildSettings = {
				ALWAYS_SEARCH_USER_PATHS = NO;
				CLANG_ANALYZER_NONNULL = YES;
				CLANG_ANALYZER_NUMBER_OBJECT_CONVERSION = YES_AGGRESSIVE;
				CLANG_CXX_LANGUAGE_STANDARD = "gnu++14";
				CLANG_CXX_LIBRARY = "libc++";
				CLANG_ENABLE_MODULES = YES;
				CLANG_ENABLE_OBJC_ARC = YES;
				CLANG_ENABLE_OBJC_WEAK = YES;
				CLANG_WARN_BLOCK_CAPTURE_AUTORELEASING = YES;
				CLANG_WARN_BOOL_CONVERSION = YES;
				CLANG_WARN_COMMA = YES;
				CLANG_WARN_CONSTANT_CONVERSION = YES;
				CLANG_WARN_DEPRECATED_OBJC_IMPLEMENTATIONS = YES;
				CLANG_WARN_DIRECT_OBJC_ISA_USAGE = YES_ERROR;
				CLANG_WARN_DOCUMENTATION_COMMENTS = YES;
				CLANG_WARN_EMPTY_BODY = YES;
				CLANG_WARN_ENUM_CONVERSION = YES;
				CLANG_WARN_INFINITE_RECURSION = YES;
				CLANG_WARN_INT_CONVERSION = YES;
				CLANG_WARN_NON_LITERAL_NULL_CONVERSION = YES;
				CLANG_WARN_OBJC_IMPLICIT_RETAIN_SELF = YES;
				CLANG_WARN_OBJC_LITERAL_CONVERSION = YES;
				CLANG_WARN_OBJC_ROOT_CLASS = YES_ERROR;
				CLANG_WARN_RANGE_LOOP_ANALYSIS = YES;
				CLANG_WARN_STRICT_PROTOTYPES = YES;
				CLANG_WARN_SUSPICIOUS_MOVE = YES;
				CLANG_WARN_UNGUARDED_AVAILABILITY = YES_AGGRESSIVE;
				CLANG_WARN_UNREACHABLE_CODE = YES;
				CLANG_WARN__DUPLICATE_METHOD_MATCH = YES;
				CODE_SIGN_IDENTITY = "iPhone Developer";
				COPY_PHASE_STRIP = NO;
				DEBUG_INFORMATION_FORMAT = "dwarf-with-dsym";
				ENABLE_NS_ASSERTIONS = NO;
				ENABLE_STRICT_OBJC_MSGSEND = YES;
				GCC_C_LANGUAGE_STANDARD = gnu11;
				GCC_NO_COMMON_BLOCKS = YES;
				GCC_WARN_64_TO_32_BIT_CONVERSION = YES;
				GCC_WARN_ABOUT_RETURN_TYPE = YES_ERROR;
				GCC_WARN_UNDECLARED_SELECTOR = YES;
				GCC_WARN_UNINITIALIZED_AUTOS = YES_AGGRESSIVE;
				GCC_WARN_UNUSED_FUNCTION = YES;
				GCC_WARN_UNUSED_VARIABLE = YES;
				IPHONEOS_DEPLOYMENT_TARGET = 12.1;
				MTL_ENABLE_DEBUG_INFO = NO;
				MTL_FAST_MATH = YES;
				SDKROOT = iphoneos;
				SWIFT_COMPILATION_MODE = wholemodule;
				SWIFT_OPTIMIZATION_LEVEL = "-O";
				VALIDATE_PRODUCT = YES;
			};
			name = Release;
		};
		0360BB9F224D84D20046E60E /* Debug */ = {
			isa = XCBuildConfiguration;
			baseConfigurationReference = 329551FA4C00F4894DE0B070 /* Pods-IMeasureUapp.debug.xcconfig */;
			buildSettings = {
				ASSETCATALOG_COMPILER_APPICON_NAME = AppIcon;
				CODE_SIGN_STYLE = Automatic;
				DEVELOPMENT_TEAM = CFFS7VX5EX;
				INFOPLIST_FILE = IMeasureUapp/Info.plist;
				LD_RUNPATH_SEARCH_PATHS = (
					"$(inherited)",
					"@executable_path/Frameworks",
				);
				PRODUCT_BUNDLE_IDENTIFIER = gabriel.IMeasureUapp;
				PRODUCT_NAME = "$(TARGET_NAME)";
				SWIFT_VERSION = 4.2;
				TARGETED_DEVICE_FAMILY = "1,2";
			};
			name = Debug;
		};
		0360BBA0224D84D20046E60E /* Release */ = {
			isa = XCBuildConfiguration;
			baseConfigurationReference = 2C8F92CDE5D3B63BB0E2DDF2 /* Pods-IMeasureUapp.release.xcconfig */;
			buildSettings = {
				ASSETCATALOG_COMPILER_APPICON_NAME = AppIcon;
				CODE_SIGN_STYLE = Automatic;
				DEVELOPMENT_TEAM = CFFS7VX5EX;
				INFOPLIST_FILE = IMeasureUapp/Info.plist;
				LD_RUNPATH_SEARCH_PATHS = (
					"$(inherited)",
					"@executable_path/Frameworks",
				);
				PRODUCT_BUNDLE_IDENTIFIER = gabriel.IMeasureUapp;
				PRODUCT_NAME = "$(TARGET_NAME)";
				SWIFT_VERSION = 4.2;
				TARGETED_DEVICE_FAMILY = "1,2";
			};
			name = Release;
		};
		0360BBA2224D84D20046E60E /* Debug */ = {
			isa = XCBuildConfiguration;
			baseConfigurationReference = E4598A204DB0A2A4FE0D132C /* Pods-IMeasureUappTests.debug.xcconfig */;
			buildSettings = {
				ALWAYS_EMBED_SWIFT_STANDARD_LIBRARIES = YES;
				BUNDLE_LOADER = "$(TEST_HOST)";
				CODE_SIGN_STYLE = Automatic;
				DEVELOPMENT_TEAM = CFFS7VX5EX;
				INFOPLIST_FILE = IMeasureUappTests/Info.plist;
				LD_RUNPATH_SEARCH_PATHS = (
					"$(inherited)",
					"@executable_path/Frameworks",
					"@loader_path/Frameworks",
				);
				PRODUCT_BUNDLE_IDENTIFIER = gabriel.IMeasureUappTests;
				PRODUCT_NAME = "$(TARGET_NAME)";
				SWIFT_VERSION = 4.2;
				TARGETED_DEVICE_FAMILY = "1,2";
				TEST_HOST = "$(BUILT_PRODUCTS_DIR)/IMeasureUapp.app/IMeasureUapp";
			};
			name = Debug;
		};
		0360BBA3224D84D20046E60E /* Release */ = {
			isa = XCBuildConfiguration;
			baseConfigurationReference = 806E48D19176226B5EBA9E92 /* Pods-IMeasureUappTests.release.xcconfig */;
			buildSettings = {
				ALWAYS_EMBED_SWIFT_STANDARD_LIBRARIES = YES;
				BUNDLE_LOADER = "$(TEST_HOST)";
				CODE_SIGN_STYLE = Automatic;
				DEVELOPMENT_TEAM = CFFS7VX5EX;
				INFOPLIST_FILE = IMeasureUappTests/Info.plist;
				LD_RUNPATH_SEARCH_PATHS = (
					"$(inherited)",
					"@executable_path/Frameworks",
					"@loader_path/Frameworks",
				);
				PRODUCT_BUNDLE_IDENTIFIER = gabriel.IMeasureUappTests;
				PRODUCT_NAME = "$(TARGET_NAME)";
				SWIFT_VERSION = 4.2;
				TARGETED_DEVICE_FAMILY = "1,2";
				TEST_HOST = "$(BUILT_PRODUCTS_DIR)/IMeasureUapp.app/IMeasureUapp";
			};
			name = Release;
		};
		0360BBA5224D84D20046E60E /* Debug */ = {
			isa = XCBuildConfiguration;
			baseConfigurationReference = AB57F34F87F69059AC960BD5 /* Pods-IMeasureUappUITests.debug.xcconfig */;
			buildSettings = {
				ALWAYS_EMBED_SWIFT_STANDARD_LIBRARIES = YES;
				CODE_SIGN_STYLE = Automatic;
				DEVELOPMENT_TEAM = CFFS7VX5EX;
				INFOPLIST_FILE = IMeasureUappUITests/Info.plist;
				LD_RUNPATH_SEARCH_PATHS = (
					"$(inherited)",
					"@executable_path/Frameworks",
					"@loader_path/Frameworks",
				);
				PRODUCT_BUNDLE_IDENTIFIER = gabriel.IMeasureUappUITests;
				PRODUCT_NAME = "$(TARGET_NAME)";
				SWIFT_VERSION = 4.2;
				TARGETED_DEVICE_FAMILY = "1,2";
				TEST_TARGET_NAME = IMeasureUapp;
			};
			name = Debug;
		};
		0360BBA6224D84D20046E60E /* Release */ = {
			isa = XCBuildConfiguration;
			baseConfigurationReference = ECE8A8FC4F2B98516FE0C80F /* Pods-IMeasureUappUITests.release.xcconfig */;
			buildSettings = {
				ALWAYS_EMBED_SWIFT_STANDARD_LIBRARIES = YES;
				CODE_SIGN_STYLE = Automatic;
				DEVELOPMENT_TEAM = CFFS7VX5EX;
				INFOPLIST_FILE = IMeasureUappUITests/Info.plist;
				LD_RUNPATH_SEARCH_PATHS = (
					"$(inherited)",
					"@executable_path/Frameworks",
					"@loader_path/Frameworks",
				);
				PRODUCT_BUNDLE_IDENTIFIER = gabriel.IMeasureUappUITests;
				PRODUCT_NAME = "$(TARGET_NAME)";
				SWIFT_VERSION = 4.2;
				TARGETED_DEVICE_FAMILY = "1,2";
				TEST_TARGET_NAME = IMeasureUapp;
			};
			name = Release;
		};
/* End XCBuildConfiguration section */

/* Begin XCConfigurationList section */
		0360BB71224D84CD0046E60E /* Build configuration list for PBXProject "IMeasureUapp" */ = {
			isa = XCConfigurationList;
			buildConfigurations = (
				0360BB9C224D84D20046E60E /* Debug */,
				0360BB9D224D84D20046E60E /* Release */,
			);
			defaultConfigurationIsVisible = 0;
			defaultConfigurationName = Release;
		};
		0360BB9E224D84D20046E60E /* Build configuration list for PBXNativeTarget "IMeasureUapp" */ = {
			isa = XCConfigurationList;
			buildConfigurations = (
				0360BB9F224D84D20046E60E /* Debug */,
				0360BBA0224D84D20046E60E /* Release */,
			);
			defaultConfigurationIsVisible = 0;
			defaultConfigurationName = Release;
		};
		0360BBA1224D84D20046E60E /* Build configuration list for PBXNativeTarget "IMeasureUappTests" */ = {
			isa = XCConfigurationList;
			buildConfigurations = (
				0360BBA2224D84D20046E60E /* Debug */,
				0360BBA3224D84D20046E60E /* Release */,
			);
			defaultConfigurationIsVisible = 0;
			defaultConfigurationName = Release;
		};
		0360BBA4224D84D20046E60E /* Build configuration list for PBXNativeTarget "IMeasureUappUITests" */ = {
			isa = XCConfigurationList;
			buildConfigurations = (
				0360BBA5224D84D20046E60E /* Debug */,
				0360BBA6224D84D20046E60E /* Release */,
			);
			defaultConfigurationIsVisible = 0;
			defaultConfigurationName = Release;
		};
/* End XCConfigurationList section */
	};
	rootObject = 0360BB6E224D84CD0046E60E /* Project object */;
}
